
Microsoft Visual Studio Solution File, Format Version 12.00
# Visual Studio Version 17
VisualStudioVersion = 17.5.002.0
MinimumVisualStudioVersion = 10.0.40219.1
Project("{9A19103F-16F7-4668-BE54-9A1E7A4F7556}") = "eventsapp.dal", "eventsapp.dal\eventsapp.dal.csproj", "{A16FA14A-9DC5-4292-A428-98E27C045573}"
EndProject
Project("{9A19103F-16F7-4668-BE54-9A1E7A4F7556}") = "eventsapp.entity", "eventsapp.entity\eventsapp.entity.csproj", "{9749432B-094C-4B04-B96E-DFC99560CB0A}"
EndProject
Project("{9A19103F-16F7-4668-BE54-9A1E7A4F7556}") = "eventsapp.webapi", "eventsapp.webapi\eventsapp.webapi.csproj", "{E9F613A4-872C-435F-8BDC-C6E871E13481}"
EndProject
Global
	GlobalSection(SolutionConfigurationPlatforms) = preSolution
		Debug|Any CPU = Debug|Any CPU
		Release|Any CPU = Release|Any CPU
	EndGlobalSection
	GlobalSection(ProjectConfigurationPlatforms) = postSolution
		{A16FA14A-9DC5-4292-A428-98E27C045573}.Debug|Any CPU.ActiveCfg = Debug|Any CPU
		{A16FA14A-9DC5-4292-A428-98E27C045573}.Debug|Any CPU.Build.0 = Debug|Any CPU
		{A16FA14A-9DC5-4292-A428-98E27C045573}.Release|Any CPU.ActiveCfg = Release|Any CPU
		{A16FA14A-9DC5-4292-A428-98E27C045573}.Release|Any CPU.Build.0 = Release|Any CPU
		{9749432B-094C-4B04-B96E-DFC99560CB0A}.Debug|Any CPU.ActiveCfg = Debug|Any CPU
		{9749432B-094C-4B04-B96E-DFC99560CB0A}.Debug|Any CPU.Build.0 = Debug|Any CPU
		{9749432B-094C-4B04-B96E-DFC99560CB0A}.Release|Any CPU.ActiveCfg = Release|Any CPU
		{9749432B-094C-4B04-B96E-DFC99560CB0A}.Release|Any CPU.Build.0 = Release|Any CPU
		{E9F613A4-872C-435F-8BDC-C6E871E13481}.Debug|Any CPU.ActiveCfg = Debug|Any CPU
		{E9F613A4-872C-435F-8BDC-C6E871E13481}.Debug|Any CPU.Build.0 = Debug|Any CPU
		{E9F613A4-872C-435F-8BDC-C6E871E13481}.Release|Any CPU.ActiveCfg = Release|Any CPU
		{E9F613A4-872C-435F-8BDC-C6E871E13481}.Release|Any CPU.Build.0 = Release|Any CPU
	EndGlobalSection
	GlobalSection(SolutionProperties) = preSolution
		HideSolutionNode = FALSE
	EndGlobalSection
	GlobalSection(ExtensibilityGlobals) = postSolution
		SolutionGuid = {1DBFB3C3-3195-4808-BD08-DB330CF3BB56}
	EndGlobalSection
EndGlobal
